
Microsoft Visual Studio Solution File, Format Version 12.00
# Visual Studio Version 17
VisualStudioVersion = 17.0.31912.275
MinimumVisualStudioVersion = 10.0.40219.1
Project("{FAE04EC0-301F-11D3-BF4B-00C04F79EFBC}") = "StringCalculator", "StringCalculator.csproj", "{675CBBCC-F9EA-4CA5-ADAB-1A54494CB24A}"
EndProject
Project("{FAE04EC0-301F-11D3-BF4B-00C04F79EFBC}") = "StringCalculator.Library", "..\StringCalculator.Library\StringCalculator.Library.csproj", "{489E2A5D-243F-4978-A960-C1720C19A255}"
EndProject
Project("{FAE04EC0-301F-11D3-BF4B-00C04F79EFBC}") = "StringCalculator.Library.Tests", "..\StringCalculator.Library.Tests\StringCalculator.Library.Tests.csproj", "{A130A674-3214-4B11-93B1-F0FD889C6A5A}"
EndProject
Global
	GlobalSection(SolutionConfigurationPlatforms) = preSolution
		Debug|Any CPU = Debug|Any CPU
		Release|Any CPU = Release|Any CPU
	EndGlobalSection
	GlobalSection(ProjectConfigurationPlatforms) = postSolution
		{675CBBCC-F9EA-4CA5-ADAB-1A54494CB24A}.Debug|Any CPU.ActiveCfg = Debug|Any CPU
		{675CBBCC-F9EA-4CA5-ADAB-1A54494CB24A}.Debug|Any CPU.Build.0 = Debug|Any CPU
		{675CBBCC-F9EA-4CA5-ADAB-1A54494CB24A}.Release|Any CPU.ActiveCfg = Release|Any CPU
		{675CBBCC-F9EA-4CA5-ADAB-1A54494CB24A}.Release|Any CPU.Build.0 = Release|Any CPU
		{489E2A5D-243F-4978-A960-C1720C19A255}.Debug|Any CPU.ActiveCfg = Debug|Any CPU
		{489E2A5D-243F-4978-A960-C1720C19A255}.Debug|Any CPU.Build.0 = Debug|Any CPU
		{489E2A5D-243F-4978-A960-C1720C19A255}.Release|Any CPU.ActiveCfg = Release|Any CPU
		{489E2A5D-243F-4978-A960-C1720C19A255}.Release|Any CPU.Build.0 = Release|Any CPU
		{A130A674-3214-4B11-93B1-F0FD889C6A5A}.Debug|Any CPU.ActiveCfg = Debug|Any CPU
		{A130A674-3214-4B11-93B1-F0FD889C6A5A}.Debug|Any CPU.Build.0 = Debug|Any CPU
		{A130A674-3214-4B11-93B1-F0FD889C6A5A}.Release|Any CPU.ActiveCfg = Release|Any CPU
		{A130A674-3214-4B11-93B1-F0FD889C6A5A}.Release|Any CPU.Build.0 = Release|Any CPU
	EndGlobalSection
	GlobalSection(SolutionProperties) = preSolution
		HideSolutionNode = FALSE
	EndGlobalSection
	GlobalSection(ExtensibilityGlobals) = postSolution
		SolutionGuid = {53960C8F-5B4F-4562-BD29-EE5297408CA3}
	EndGlobalSection
EndGlobal
